
Microsoft Visual Studio Solution File, Format Version 12.00
# Visual Studio Version 17
VisualStudioVersion = 17.13.35806.99 d17.13
MinimumVisualStudioVersion = 10.0.40219.1
Project("{FAE04EC0-301F-11D3-BF4B-00C04F79EFBC}") = "projectStructureG02", "projectStructureG02\projectStructureG02.csproj", "{B2ABC7DD-AF1B-4DA9-A0AB-97D2924570C9}"
EndProject
Global
	GlobalSection(SolutionConfigurationPlatforms) = preSolution
		Debug|Any CPU = Debug|Any CPU
		Release|Any CPU = Release|Any CPU
	EndGlobalSection
	GlobalSection(ProjectConfigurationPlatforms) = postSolution
		{B2ABC7DD-AF1B-4DA9-A0AB-97D2924570C9}.Debug|Any CPU.ActiveCfg = Debug|Any CPU
		{B2ABC7DD-AF1B-4DA9-A0AB-97D2924570C9}.Debug|Any CPU.Build.0 = Debug|Any CPU
		{B2ABC7DD-AF1B-4DA9-A0AB-97D2924570C9}.Release|Any CPU.ActiveCfg = Release|Any CPU
		{B2ABC7DD-AF1B-4DA9-A0AB-97D2924570C9}.Release|Any CPU.Build.0 = Release|Any CPU
	EndGlobalSection
	GlobalSection(SolutionProperties) = preSolution
		HideSolutionNode = FALSE
	EndGlobalSection
	GlobalSection(ExtensibilityGlobals) = postSolution
		SolutionGuid = {5197820F-47E9-403B-BA49-07E351D7DE0D}
	EndGlobalSection
EndGlobal
